
Microsoft Visual Studio Solution File, Format Version 12.00
# Visual Studio Version 17
VisualStudioVersion = 17.2.32519.379
MinimumVisualStudioVersion = 10.0.40219.1
Project("{FAE04EC0-301F-11D3-BF4B-00C04F79EFBC}") = "SD-300-W22SD-Assignment", "SD-300-W22SD-Assignment\SD-300-W22SD-Assignment.csproj", "{33447703-CDB3-44B4-A660-33E75ABE3D97}"
EndProject
Global
	GlobalSection(SolutionConfigurationPlatforms) = preSolution
		Debug|Any CPU = Debug|Any CPU
		Release|Any CPU = Release|Any CPU
	EndGlobalSection
	GlobalSection(ProjectConfigurationPlatforms) = postSolution
		{33447703-CDB3-44B4-A660-33E75ABE3D97}.Debug|Any CPU.ActiveCfg = Debug|Any CPU
		{33447703-CDB3-44B4-A660-33E75ABE3D97}.Debug|Any CPU.Build.0 = Debug|Any CPU
		{33447703-CDB3-44B4-A660-33E75ABE3D97}.Release|Any CPU.ActiveCfg = Release|Any CPU
		{33447703-CDB3-44B4-A660-33E75ABE3D97}.Release|Any CPU.Build.0 = Release|Any CPU
	EndGlobalSection
	GlobalSection(SolutionProperties) = preSolution
		HideSolutionNode = FALSE
	EndGlobalSection
	GlobalSection(ExtensibilityGlobals) = postSolution
		SolutionGuid = {2F8F4F47-03BF-4DA8-9C88-8BB0002E0025}
	EndGlobalSection
EndGlobal
